
Microsoft Visual Studio Solution File, Format Version 12.00
# Visual Studio 15
VisualStudioVersion = 15.0.28307.106
MinimumVisualStudioVersion = 10.0.40219.1
Project("{FAE04EC0-301F-11D3-BF4B-00C04F79EFBC}") = "Lab", "Lab\Lab.csproj", "{D366C8B7-E58A-4C05-AAD2-3BE98B521831}"
EndProject
Project("{FAE04EC0-301F-11D3-BF4B-00C04F79EFBC}") = "Exegete", "Exegete\Exegete.csproj", "{0C64991C-AECF-4DAC-802D-4293B4D22FCA}"
EndProject
Global
	GlobalSection(SolutionConfigurationPlatforms) = preSolution
		Debug|Any CPU = Debug|Any CPU
		Release|Any CPU = Release|Any CPU
	EndGlobalSection
	GlobalSection(ProjectConfigurationPlatforms) = postSolution
		{D366C8B7-E58A-4C05-AAD2-3BE98B521831}.Debug|Any CPU.ActiveCfg = Debug|Any CPU
		{D366C8B7-E58A-4C05-AAD2-3BE98B521831}.Debug|Any CPU.Build.0 = Debug|Any CPU
		{D366C8B7-E58A-4C05-AAD2-3BE98B521831}.Release|Any CPU.ActiveCfg = Release|Any CPU
		{D366C8B7-E58A-4C05-AAD2-3BE98B521831}.Release|Any CPU.Build.0 = Release|Any CPU
		{0C64991C-AECF-4DAC-802D-4293B4D22FCA}.Debug|Any CPU.ActiveCfg = Debug|Any CPU
		{0C64991C-AECF-4DAC-802D-4293B4D22FCA}.Debug|Any CPU.Build.0 = Debug|Any CPU
		{0C64991C-AECF-4DAC-802D-4293B4D22FCA}.Release|Any CPU.ActiveCfg = Release|Any CPU
		{0C64991C-AECF-4DAC-802D-4293B4D22FCA}.Release|Any CPU.Build.0 = Release|Any CPU
	EndGlobalSection
	GlobalSection(SolutionProperties) = preSolution
		HideSolutionNode = FALSE
	EndGlobalSection
	GlobalSection(ExtensibilityGlobals) = postSolution
		SolutionGuid = {3B500108-BD7A-4525-93CD-52889005FCEA}
	EndGlobalSection
EndGlobal
